<?xml version="1.0" encoding="utf-8"?>
<Project ToolsVersion="4.0" xmlns="http://schemas.microsoft.com/developer/msbuild/2003">
  <ItemGroup>
    <Filter Include="Source Files">
      <UniqueIdentifier>{4FC737F1-C7A5-4376-A066-2A32D752A2FF}</UniqueIdentifier>
      <Extensions>cpp;c;cc;cxx;c++;cppm;ixx;def;odl;idl;hpj;bat;asm;asmx</Extensions>
    </Filter>
    <Filter Include="Header Files">
      <UniqueIdentifier>{93995380-89BD-4b04-88EB-625FBE52EBFB}</UniqueIdentifier>
      <Extensions>h;hh;hpp;hxx;h++;hm;inl;inc;ipp;xsd</Extensions>
    </Filter>
    <Filter Include="Resource Files">
      <UniqueIdentifier>{67DA6AB6-F800-4c08-8B7A-83BB121AAD01}</UniqueIdentifier>
      <Extensions>rc;ico;cur;bmp;dlg;rc2;rct;bin;rgs;gif;jpg;jpeg;jpe;resx;tiff;tif;png;wav;mfcribbon-ms</Extensions>
    </Filter>
  </ItemGroup>
  <ItemGroup>
    <ClCompile Include="E-Tables.cpp">
      <Filter>Source Files</Filter>
    </ClCompile>
    <ClCompile Include="Config.cpp">
      <Filter>Source Files</Filter>
    </ClCompile>
    <ClCompile Include="MyString.cpp">
      <Filter>Source Files</Filter>
    </ClCompile>
    <ClCompile Include="Cell.cpp">
      <Filter>Source Files</Filter>
    </ClCompile>
    <ClCompile Include="StringCell.cpp">
      <Filter>Source Files</Filter>
    </ClCompile>
    <ClCompile Include="BooleanCell.cpp">
      <Filter>Source Files</Filter>
    </ClCompile>
    <ClCompile Include="NumCell.cpp">
      <Filter>Source Files</Filter>
    </ClCompile>
    <ClCompile Include="Table.cpp">
      <Filter>Source Files</Filter>
    </ClCompile>
    <ClCompile Include="NullCell.cpp">
      <Filter>Source Files</Filter>
    </ClCompile>
    <ClCompile Include="Engine.cpp">
      <Filter>Source Files</Filter>
    </ClCompile>
    <ClCompile Include="Command.cpp">
      <Filter>Source Files</Filter>
    </ClCompile>
    <ClCompile Include="InsertCommand.cpp">
      <Filter>Source Files</Filter>
    </ClCompile>
    <ClCompile Include="DeleteCommand.cpp">
      <Filter>Source Files</Filter>
    </ClCompile>
    <ClCompile Include="EqualsCommand.cpp">
      <Filter>Source Files</Filter>
    </ClCompile>
    <ClCompile Include="Formula.cpp">
      <Filter>Source Files</Filter>
    </ClCompile>
    <ClCompile Include="SumFormula.cpp">
      <Filter>Source Files</Filter>
    </ClCompile>
    <ClCompile Include="ErrorCell.cpp">
      <Filter>Source Files</Filter>
    </ClCompile>
    <ClCompile Include="ReferenceCell.cpp">
      <Filter>Source Files</Filter>
    </ClCompile>
    <ClCompile Include="AverageFormula.cpp">
      <Filter>Source Files</Filter>
    </ClCompile>
    <ClCompile Include="MinFormula.cpp">
      <Filter>Source Files</Filter>
    </ClCompile>
    <ClCompile Include="MaxFormula.cpp">
      <Filter>Source Files</Filter>
    </ClCompile>
    <ClCompile Include="LenFormula.cpp">
      <Filter>Source Files</Filter>
    </ClCompile>
    <ClCompile Include="ConcatFormula.cpp">
      <Filter>Source Files</Filter>
    </ClCompile>
    <ClCompile Include="SubStringFormula.cpp">
      <Filter>Source Files</Filter>
    </ClCompile>
    <ClCompile Include="CountFormula.cpp">
      <Filter>Source Files</Filter>
    </ClCompile>
  </ItemGroup>
  <ItemGroup>
    <ClInclude Include="Config.h">
      <Filter>Header Files</Filter>
    </ClInclude>
    <ClInclude Include="MyString.h">
      <Filter>Header Files</Filter>
    </ClInclude>
    <ClInclude Include="Cell.h">
      <Filter>Header Files</Filter>
    </ClInclude>
    <ClInclude Include="StringCell.h">
      <Filter>Header Files</Filter>
    </ClInclude>
    <ClInclude Include="BooleanCell.h">
      <Filter>Header Files</Filter>
    </ClInclude>
    <ClInclude Include="NumCell.h">
      <Filter>Header Files</Filter>
    </ClInclude>
    <ClInclude Include="Table.h">
      <Filter>Header Files</Filter>
    </ClInclude>
    <ClInclude Include="Utils.h">
      <Filter>Header Files</Filter>
    </ClInclude>
    <ClInclude Include="NullCell.h">
      <Filter>Header Files</Filter>
    </ClInclude>
    <ClInclude Include="Engine.h">
      <Filter>Header Files</Filter>
    </ClInclude>
    <ClInclude Include="Command.h">
      <Filter>Header Files</Filter>
    </ClInclude>
    <ClInclude Include="InsertCommand.h">
      <Filter>Header Files</Filter>
    </ClInclude>
    <ClInclude Include="DeleteCommand.h">
      <Filter>Header Files</Filter>
    </ClInclude>
    <ClInclude Include="EqualsCommand.h">
      <Filter>Header Files</Filter>
    </ClInclude>
    <ClInclude Include="Formula.h">
      <Filter>Header Files</Filter>
    </ClInclude>
    <ClInclude Include="SumFormula.h">
      <Filter>Header Files</Filter>
    </ClInclude>
    <ClInclude Include="ErrorCell.h">
      <Filter>Header Files</Filter>
    </ClInclude>
    <ClInclude Include="ReferenceCell.h">
      <Filter>Header Files</Filter>
    </ClInclude>
    <ClInclude Include="AverageFormula.h">
      <Filter>Header Files</Filter>
    </ClInclude>
    <ClInclude Include="MinFormula.h">
      <Filter>Header Files</Filter>
    </ClInclude>
    <ClInclude Include="MaxFormula.h">
      <Filter>Header Files</Filter>
    </ClInclude>
    <ClInclude Include="LenFormula.h">
      <Filter>Header Files</Filter>
    </ClInclude>
    <ClInclude Include="ConcatFormula.h">
      <Filter>Header Files</Filter>
    </ClInclude>
    <ClInclude Include="SubStringFormula.h">
      <Filter>Header Files</Filter>
    </ClInclude>
    <ClInclude Include="CountFormula.h">
      <Filter>Header Files</Filter>
    </ClInclude>
  </ItemGroup>
</Project>